
Microsoft Visual Studio Solution File, Format Version 12.00
# Visual Studio Version 17
VisualStudioVersion = 17.13.35818.85 d17.13
MinimumVisualStudioVersion = 10.0.40219.1
Project("{FAE04EC0-301F-11D3-BF4B-00C04F79EFBC}") = "WebSocket", "WebSocket\WebSocket.csproj", "{AFB1C9ED-F356-4644-BAF9-86348D2B94D4}"
EndProject
Global
	GlobalSection(SolutionConfigurationPlatforms) = preSolution
		Debug|Any CPU = Debug|Any CPU
		Release|Any CPU = Release|Any CPU
	EndGlobalSection
	GlobalSection(ProjectConfigurationPlatforms) = postSolution
		{AFB1C9ED-F356-4644-BAF9-86348D2B94D4}.Debug|Any CPU.ActiveCfg = Debug|Any CPU
		{AFB1C9ED-F356-4644-BAF9-86348D2B94D4}.Debug|Any CPU.Build.0 = Debug|Any CPU
		{AFB1C9ED-F356-4644-BAF9-86348D2B94D4}.Release|Any CPU.ActiveCfg = Release|Any CPU
		{AFB1C9ED-F356-4644-BAF9-86348D2B94D4}.Release|Any CPU.Build.0 = Release|Any CPU
	EndGlobalSection
	GlobalSection(SolutionProperties) = preSolution
		HideSolutionNode = FALSE
	EndGlobalSection
	GlobalSection(ExtensibilityGlobals) = postSolution
		SolutionGuid = {23D56533-7F7F-4DB5-AD41-368D7DBB2528}
	EndGlobalSection
EndGlobal
